
Microsoft Visual Studio Solution File, Format Version 12.00
# Visual Studio 14
VisualStudioVersion = 14.0.24720.0
MinimumVisualStudioVersion = 10.0.40219.1
Project("{FAE04EC0-301F-11D3-BF4B-00C04F79EFBC}") = "Azuria", "Azuria\Azuria.csproj", "{841DC1A7-9140-47E5-B13B-E4C57CFE6496}"
EndProject
Project("{FAE04EC0-301F-11D3-BF4B-00C04F79EFBC}") = "Azuria.Example", "Azuria.Example\Azuria.Example.csproj", "{B6B792AB-FA3B-43B1-A577-EA6B1A0336C7}"
EndProject
Project("{FAE04EC0-301F-11D3-BF4B-00C04F79EFBC}") = "Azuria.Portable", "Azuria.Portable\Azuria.Portable.csproj", "{5E392DE1-F823-4225-AE34-21FD6430D4DA}"
EndProject
Global
	GlobalSection(SolutionConfigurationPlatforms) = preSolution
		Debug|Any CPU = Debug|Any CPU
		Release|Any CPU = Release|Any CPU
	EndGlobalSection
	GlobalSection(ProjectConfigurationPlatforms) = postSolution
		{841DC1A7-9140-47E5-B13B-E4C57CFE6496}.Debug|Any CPU.ActiveCfg = Debug|Any CPU
		{841DC1A7-9140-47E5-B13B-E4C57CFE6496}.Debug|Any CPU.Build.0 = Debug|Any CPU
		{841DC1A7-9140-47E5-B13B-E4C57CFE6496}.Release|Any CPU.ActiveCfg = Release|Any CPU
		{841DC1A7-9140-47E5-B13B-E4C57CFE6496}.Release|Any CPU.Build.0 = Release|Any CPU
		{B6B792AB-FA3B-43B1-A577-EA6B1A0336C7}.Debug|Any CPU.ActiveCfg = Debug|Any CPU
		{B6B792AB-FA3B-43B1-A577-EA6B1A0336C7}.Debug|Any CPU.Build.0 = Debug|Any CPU
		{B6B792AB-FA3B-43B1-A577-EA6B1A0336C7}.Release|Any CPU.ActiveCfg = Release|Any CPU
		{B6B792AB-FA3B-43B1-A577-EA6B1A0336C7}.Release|Any CPU.Build.0 = Release|Any CPU
		{5E392DE1-F823-4225-AE34-21FD6430D4DA}.Debug|Any CPU.ActiveCfg = Debug|Any CPU
		{5E392DE1-F823-4225-AE34-21FD6430D4DA}.Debug|Any CPU.Build.0 = Debug|Any CPU
		{5E392DE1-F823-4225-AE34-21FD6430D4DA}.Release|Any CPU.ActiveCfg = Release|Any CPU
		{5E392DE1-F823-4225-AE34-21FD6430D4DA}.Release|Any CPU.Build.0 = Release|Any CPU
	EndGlobalSection
	GlobalSection(SolutionProperties) = preSolution
		HideSolutionNode = FALSE
	EndGlobalSection
EndGlobal
